// !$*UTF8*$!
{
	archiveVersion = 1;
	classes = {
	};
	objectVersion = 46;
	objects = {

/* Begin PBXBuildFile section */
		89AFDB171A88C59100E844F7 /* main.m in Sources */ = {isa = PBXBuildFile; fileRef = 89AFDB161A88C59100E844F7 /* main.m */; };
		89AFDB1A1A88C59100E844F7 /* AppDelegate.m in Sources */ = {isa = PBXBuildFile; fileRef = 89AFDB191A88C59100E844F7 /* AppDelegate.m */; };
		89AFDB1D1A88C59100E844F7 /* onetouch.xcdatamodeld in Sources */ = {isa = PBXBuildFile; fileRef = 89AFDB1B1A88C59100E844F7 /* onetouch.xcdatamodeld */; };
		89AFDB201A88C59100E844F7 /* ViewController.m in Sources */ = {isa = PBXBuildFile; fileRef = 89AFDB1F1A88C59100E844F7 /* ViewController.m */; };
		89AFDB231A88C59200E844F7 /* Main.storyboard in Resources */ = {isa = PBXBuildFile; fileRef = 89AFDB211A88C59100E844F7 /* Main.storyboard */; };
		89AFDB251A88C59200E844F7 /* Images.xcassets in Resources */ = {isa = PBXBuildFile; fileRef = 89AFDB241A88C59200E844F7 /* Images.xcassets */; };
		89AFDB281A88C59200E844F7 /* LaunchScreen.xib in Resources */ = {isa = PBXBuildFile; fileRef = 89AFDB261A88C59200E844F7 /* LaunchScreen.xib */; };
		89AFDB341A88C59200E844F7 /* onetouchTests.m in Sources */ = {isa = PBXBuildFile; fileRef = 89AFDB331A88C59200E844F7 /* onetouchTests.m */; };
/* End PBXBuildFile section */

/* Begin PBXContainerItemProxy section */
		89AFDB2E1A88C59200E844F7 /* PBXContainerItemProxy */ = {
			isa = PBXContainerItemProxy;
			containerPortal = 89AFDB091A88C59100E844F7 /* Project object */;
			proxyType = 1;
			remoteGlobalIDString = 89AFDB101A88C59100E844F7;
			remoteInfo = onetouch;
		};
/* End PBXContainerItemProxy section */

/* Begin PBXFileReference section */
		89AFDB111A88C59100E844F7 /* onetouch.app */ = {isa = PBXFileReference; explicitFileType = wrapper.application; includeInIndex = 0; path = onetouch.app; sourceTree = BUILT_PRODUCTS_DIR; };
		89AFDB151A88C59100E844F7 /* Info.plist */ = {isa = PBXFileReference; lastKnownFileType = text.plist.xml; path = Info.plist; sourceTree = "<group>"; };
		89AFDB161A88C59100E844F7 /* main.m */ = {isa = PBXFileReference; lastKnownFileType = sourcecode.c.objc; path = main.m; sourceTree = "<group>"; };
		89AFDB181A88C59100E844F7 /* AppDelegate.h */ = {isa = PBXFileReference; lastKnownFileType = sourcecode.c.h; path = AppDelegate.h; sourceTree = "<group>"; };
		89AFDB191A88C59100E844F7 /* AppDelegate.m */ = {isa = PBXFileReference; lastKnownFileType = sourcecode.c.objc; path = AppDelegate.m; sourceTree = "<group>"; };
		89AFDB1C1A88C59100E844F7 /* onetouch.xcdatamodel */ = {isa = PBXFileReference; lastKnownFileType = wrapper.xcdatamodel; path = onetouch.xcdatamodel; sourceTree = "<group>"; };
		89AFDB1E1A88C59100E844F7 /* ViewController.h */ = {isa = PBXFileReference; lastKnownFileType = sourcecode.c.h; path = ViewController.h; sourceTree = "<group>"; };
		89AFDB1F1A88C59100E844F7 /* ViewController.m */ = {isa = PBXFileReference; lastKnownFileType = sourcecode.c.objc; path = ViewController.m; sourceTree = "<group>"; };
		89AFDB221A88C59200E844F7 /* Base */ = {isa = PBXFileReference; lastKnownFileType = file.storyboard; name = Base; path = Base.lproj/Main.storyboard; sourceTree = "<group>"; };
		89AFDB241A88C59200E844F7 /* Images.xcassets */ = {isa = PBXFileReference; lastKnownFileType = folder.assetcatalog; path = Images.xcassets; sourceTree = "<group>"; };
		89AFDB271A88C59200E844F7 /* Base */ = {isa = PBXFileReference; lastKnownFileType = file.xib; name = Base; path = Base.lproj/LaunchScreen.xib; sourceTree = "<group>"; };
		89AFDB2D1A88C59200E844F7 /* onetouchTests.xctest */ = {isa = PBXFileReference; explicitFileType = wrapper.cfbundle; includeInIndex = 0; path = onetouchTests.xctest; sourceTree = BUILT_PRODUCTS_DIR; };
		89AFDB321A88C59200E844F7 /* Info.plist */ = {isa = PBXFileReference; lastKnownFileType = text.plist.xml; path = Info.plist; sourceTree = "<group>"; };
		89AFDB331A88C59200E844F7 /* onetouchTests.m */ = {isa = PBXFileReference; lastKnownFileType = sourcecode.c.objc; path = onetouchTests.m; sourceTree = "<group>"; };
/* End PBXFileReference section */

/* Begin PBXFrameworksBuildPhase section */
		89AFDB0E1A88C59100E844F7 /* Frameworks */ = {
			isa = PBXFrameworksBuildPhase;
			buildActionMask = 2147483647;
			files = (
			);
			runOnlyForDeploymentPostprocessing = 0;
		};
		89AFDB2A1A88C59200E844F7 /* Frameworks */ = {
			isa = PBXFrameworksBuildPhase;
			buildActionMask = 2147483647;
			files = (
			);
			runOnlyForDeploymentPostprocessing = 0;
		};
/* End PBXFrameworksBuildPhase section */

/* Begin PBXGroup section */
		89AFDB081A88C59100E844F7 = {
			isa = PBXGroup;
			children = (
				89AFDB131A88C59100E844F7 /* onetouch */,
				89AFDB301A88C59200E844F7 /* onetouchTests */,
				89AFDB121A88C59100E844F7 /* Products */,
			);
			sourceTree = "<group>";
		};
		89AFDB121A88C59100E844F7 /* Products */ = {
			isa = PBXGroup;
			children = (
				89AFDB111A88C59100E844F7 /* onetouch.app */,
				89AFDB2D1A88C59200E844F7 /* onetouchTests.xctest */,
			);
			name = Products;
			sourceTree = "<group>";
		};
		89AFDB131A88C59100E844F7 /* onetouch */ = {
			isa = PBXGroup;
			children = (
				89AFDB181A88C59100E844F7 /* AppDelegate.h */,
				89AFDB191A88C59100E844F7 /* AppDelegate.m */,
				89AFDB1E1A88C59100E844F7 /* ViewController.h */,
				89AFDB1F1A88C59100E844F7 /* ViewController.m */,
				89AFDB211A88C59100E844F7 /* Main.storyboard */,
				89AFDB241A88C59200E844F7 /* Images.xcassets */,
				89AFDB261A88C59200E844F7 /* LaunchScreen.xib */,
				89AFDB1B1A88C59100E844F7 /* onetouch.xcdatamodeld */,
				89AFDB141A88C59100E844F7 /* Supporting Files */,
			);
			path = onetouch;
			sourceTree = "<group>";
		};
		89AFDB141A88C59100E844F7 /* Supporting Files */ = {
			isa = PBXGroup;
			children = (
				89AFDB151A88C59100E844F7 /* Info.plist */,
				89AFDB161A88C59100E844F7 /* main.m */,
			);
			name = "Supporting Files";
			sourceTree = "<group>";
		};
		89AFDB301A88C59200E844F7 /* onetouchTests */ = {
			isa = PBXGroup;
			children = (
				89AFDB331A88C59200E844F7 /* onetouchTests.m */,
				89AFDB311A88C59200E844F7 /* Supporting Files */,
			);
			path = onetouchTests;
			sourceTree = "<group>";
		};
		89AFDB311A88C59200E844F7 /* Supporting Files */ = {
			isa = PBXGroup;
			children = (
				89AFDB321A88C59200E844F7 /* Info.plist */,
			);
			name = "Supporting Files";
			sourceTree = "<group>";
		};
/* End PBXGroup section */

/* Begin PBXNativeTarget section */
		89AFDB101A88C59100E844F7 /* onetouch */ = {
			isa = PBXNativeTarget;
			buildConfigurationList = 89AFDB371A88C59200E844F7 /* Build configuration list for PBXNativeTarget "onetouch" */;
			buildPhases = (
				89AFDB0D1A88C59100E844F7 /* Sources */,
				89AFDB0E1A88C59100E844F7 /* Frameworks */,
				89AFDB0F1A88C59100E844F7 /* Resources */,
			);
			buildRules = (
			);
			dependencies = (
			);
			name = onetouch;
			productName = onetouch;
			productReference = 89AFDB111A88C59100E844F7 /* onetouch.app */;
			productType = "com.apple.product-type.application";
		};
		89AFDB2C1A88C59200E844F7 /* onetouchTests */ = {
			isa = PBXNativeTarget;
			buildConfigurationList = 89AFDB3A1A88C59200E844F7 /* Build configuration list for PBXNativeTarget "onetouchTests" */;
			buildPhases = (
				89AFDB291A88C59200E844F7 /* Sources */,
				89AFDB2A1A88C59200E844F7 /* Frameworks */,
				89AFDB2B1A88C59200E844F7 /* Resources */,
			);
			buildRules = (
			);
			dependencies = (
				89AFDB2F1A88C59200E844F7 /* PBXTargetDependency */,
			);
			name = onetouchTests;
			productName = onetouchTests;
			productReference = 89AFDB2D1A88C59200E844F7 /* onetouchTests.xctest */;
			productType = "com.apple.product-type.bundle.unit-test";
		};
/* End PBXNativeTarget section */

/* Begin PBXProject section */
		89AFDB091A88C59100E844F7 /* Project object */ = {
			isa = PBXProject;
			attributes = {
				LastUpgradeCheck = 0610;
				ORGANIZATIONNAME = "Nicholas Piano";
				TargetAttributes = {
					89AFDB101A88C59100E844F7 = {
						CreatedOnToolsVersion = 6.1.1;
					};
					89AFDB2C1A88C59200E844F7 = {
						CreatedOnToolsVersion = 6.1.1;
						TestTargetID = 89AFDB101A88C59100E844F7;
					};
				};
			};
			buildConfigurationList = 89AFDB0C1A88C59100E844F7 /* Build configuration list for PBXProject "onetouch" */;
			compatibilityVersion = "Xcode 3.2";
			developmentRegion = English;
			hasScannedForEncodings = 0;
			knownRegions = (
				en,
				Base,
			);
			mainGroup = 89AFDB081A88C59100E844F7;
			productRefGroup = 89AFDB121A88C59100E844F7 /* Products */;
			projectDirPath = "";
			projectRoot = "";
			targets = (
				89AFDB101A88C59100E844F7 /* onetouch */,
				89AFDB2C1A88C59200E844F7 /* onetouchTests */,
			);
		};
/* End PBXProject section */

/* Begin PBXResourcesBuildPhase section */
		89AFDB0F1A88C59100E844F7 /* Resources */ = {
			isa = PBXResourcesBuildPhase;
			buildActionMask = 2147483647;
			files = (
				89AFDB231A88C59200E844F7 /* Main.storyboard in Resources */,
				89AFDB281A88C59200E844F7 /* LaunchScreen.xib in Resources */,
				89AFDB251A88C59200E844F7 /* Images.xcassets in Resources */,
			);
			runOnlyForDeploymentPostprocessing = 0;
		};
		89AFDB2B1A88C59200E844F7 /* Resources */ = {
			isa = PBXResourcesBuildPhase;
			buildActionMask = 2147483647;
			files = (
			);
			runOnlyForDeploymentPostprocessing = 0;
		};
/* End PBXResourcesBuildPhase section */

/* Begin PBXSourcesBuildPhase section */
		89AFDB0D1A88C59100E844F7 /* Sources */ = {
			isa = PBXSourcesBuildPhase;
			buildActionMask = 2147483647;
			files = (
				89AFDB1D1A88C59100E844F7 /* onetouch.xcdatamodeld in Sources */,
				89AFDB1A1A88C59100E844F7 /* AppDelegate.m in Sources */,
				89AFDB201A88C59100E844F7 /* ViewController.m in Sources */,
				89AFDB171A88C59100E844F7 /* main.m in Sources */,
			);
			runOnlyForDeploymentPostprocessing = 0;
		};
		89AFDB291A88C59200E844F7 /* Sources */ = {
			isa = PBXSourcesBuildPhase;
			buildActionMask = 2147483647;
			files = (
				89AFDB341A88C59200E844F7 /* onetouchTests.m in Sources */,
			);
			runOnlyForDeploymentPostprocessing = 0;
		};
/* End PBXSourcesBuildPhase section */

/* Begin PBXTargetDependency section */
		89AFDB2F1A88C59200E844F7 /* PBXTargetDependency */ = {
			isa = PBXTargetDependency;
			target = 89AFDB101A88C59100E844F7 /* onetouch */;
			targetProxy = 89AFDB2E1A88C59200E844F7 /* PBXContainerItemProxy */;
		};
/* End PBXTargetDependency section */

/* Begin PBXVariantGroup section */
		89AFDB211A88C59100E844F7 /* Main.storyboard */ = {
			isa = PBXVariantGroup;
			children = (
				89AFDB221A88C59200E844F7 /* Base */,
			);
			name = Main.storyboard;
			sourceTree = "<group>";
		};
		89AFDB261A88C59200E844F7 /* LaunchScreen.xib */ = {
			isa = PBXVariantGroup;
			children = (
				89AFDB271A88C59200E844F7 /* Base */,
			);
			name = LaunchScreen.xib;
			sourceTree = "<group>";
		};
/* End PBXVariantGroup section */

/* Begin XCBuildConfiguration section */
		89AFDB351A88C59200E844F7 /* Debug */ = {
			isa = XCBuildConfiguration;
			buildSettings = {
				ALWAYS_SEARCH_USER_PATHS = NO;
				CLANG_CXX_LANGUAGE_STANDARD = "gnu++0x";
				CLANG_CXX_LIBRARY = "libc++";
				CLANG_ENABLE_MODULES = YES;
				CLANG_ENABLE_OBJC_ARC = YES;
				CLANG_WARN_BOOL_CONVERSION = YES;
				CLANG_WARN_CONSTANT_CONVERSION = YES;
				CLANG_WARN_DIRECT_OBJC_ISA_USAGE = YES_ERROR;
				CLANG_WARN_EMPTY_BODY = YES;
				CLANG_WARN_ENUM_CONVERSION = YES;
				CLANG_WARN_INT_CONVERSION = YES;
				CLANG_WARN_OBJC_ROOT_CLASS = YES_ERROR;
				CLANG_WARN_UNREACHABLE_CODE = YES;
				CLANG_WARN__DUPLICATE_METHOD_MATCH = YES;
				"CODE_SIGN_IDENTITY[sdk=iphoneos*]" = "iPhone Developer";
				COPY_PHASE_STRIP = NO;
				ENABLE_STRICT_OBJC_MSGSEND = YES;
				GCC_C_LANGUAGE_STANDARD = gnu99;
				GCC_DYNAMIC_NO_PIC = NO;
				GCC_OPTIMIZATION_LEVEL = 0;
				GCC_PREPROCESSOR_DEFINITIONS = (
					"DEBUG=1",
					"$(inherited)",
				);
				GCC_SYMBOLS_PRIVATE_EXTERN = NO;
				GCC_WARN_64_TO_32_BIT_CONVERSION = YES;
				GCC_WARN_ABOUT_RETURN_TYPE = YES_ERROR;
				GCC_WARN_UNDECLARED_SELECTOR = YES;
				GCC_WARN_UNINITIALIZED_AUTOS = YES_AGGRESSIVE;
				GCC_WARN_UNUSED_FUNCTION = YES;
				GCC_WARN_UNUSED_VARIABLE = YES;
				IPHONEOS_DEPLOYMENT_TARGET = 8.1;
				MTL_ENABLE_DEBUG_INFO = YES;
				ONLY_ACTIVE_ARCH = YES;
				SDKROOT = iphoneos;
				TARGETED_DEVICE_FAMILY = "1,2";
			};
			name = Debug;
		};
		89AFDB361A88C59200E844F7 /* Release */ = {
			isa = XCBuildConfiguration;
			buildSettings = {
				ALWAYS_SEARCH_USER_PATHS = NO;
				CLANG_CXX_LANGUAGE_STANDARD = "gnu++0x";
				CLANG_CXX_LIBRARY = "libc++";
				CLANG_ENABLE_MODULES = YES;
				CLANG_ENABLE_OBJC_ARC = YES;
				CLANG_WARN_BOOL_CONVERSION = YES;
				CLANG_WARN_CONSTANT_CONVERSION = YES;
				CLANG_WARN_DIRECT_OBJC_ISA_USAGE = YES_ERROR;
				CLANG_WARN_EMPTY_BODY = YES;
				CLANG_WARN_ENUM_CONVERSION = YES;
				CLANG_WARN_INT_CONVERSION = YES;
				CLANG_WARN_OBJC_ROOT_CLASS = YES_ERROR;
				CLANG_WARN_UNREACHABLE_CODE = YES;
				CLANG_WARN__DUPLICATE_METHOD_MATCH = YES;
				"CODE_SIGN_IDENTITY[sdk=iphoneos*]" = "iPhone Developer";
				COPY_PHASE_STRIP = YES;
				ENABLE_NS_ASSERTIONS = NO;
				ENABLE_STRICT_OBJC_MSGSEND = YES;
				GCC_C_LANGUAGE_STANDARD = gnu99;
				GCC_WARN_64_TO_32_BIT_CONVERSION = YES;
				GCC_WARN_ABOUT_RETURN_TYPE = YES_ERROR;
				GCC_WARN_UNDECLARED_SELECTOR = YES;
				GCC_WARN_UNINITIALIZED_AUTOS = YES_AGGRESSIVE;
				GCC_WARN_UNUSED_FUNCTION = YES;
				GCC_WARN_UNUSED_VARIABLE = YES;
				IPHONEOS_DEPLOYMENT_TARGET = 8.1;
				MTL_ENABLE_DEBUG_INFO = NO;
				SDKROOT = iphoneos;
				TARGETED_DEVICE_FAMILY = "1,2";
				VALIDATE_PRODUCT = YES;
			};
			name = Release;
		};
		89AFDB381A88C59200E844F7 /* Debug */ = {
			isa = XCBuildConfiguration;
			buildSettings = {
				ASSETCATALOG_COMPILER_APPICON_NAME = AppIcon;
				INFOPLIST_FILE = onetouch/Info.plist;
				LD_RUNPATH_SEARCH_PATHS = "$(inherited) @executable_path/Frameworks";
				PRODUCT_NAME = "$(TARGET_NAME)";
			};
			name = Debug;
		};
		89AFDB391A88C59200E844F7 /* Release */ = {
			isa = XCBuildConfiguration;
			buildSettings = {
				ASSETCATALOG_COMPILER_APPICON_NAME = AppIcon;
				INFOPLIST_FILE = onetouch/Info.plist;
				LD_RUNPATH_SEARCH_PATHS = "$(inherited) @executable_path/Frameworks";
				PRODUCT_NAME = "$(TARGET_NAME)";
			};
			name = Release;
		};
		89AFDB3B1A88C59200E844F7 /* Debug */ = {
			isa = XCBuildConfiguration;
			buildSettings = {
				BUNDLE_LOADER = "$(TEST_HOST)";
				FRAMEWORK_SEARCH_PATHS = (
					"$(SDKROOT)/Developer/Library/Frameworks",
					"$(inherited)",
				);
				GCC_PREPROCESSOR_DEFINITIONS = (
					"DEBUG=1",
					"$(inherited)",
				);
				INFOPLIST_FILE = onetouchTests/Info.plist;
				LD_RUNPATH_SEARCH_PATHS = "$(inherited) @executable_path/Frameworks @loader_path/Frameworks";
				PRODUCT_NAME = "$(TARGET_NAME)";
				TEST_HOST = "$(BUILT_PRODUCTS_DIR)/onetouch.app/onetouch";
			};
			name = Debug;
		};
		89AFDB3C1A88C59200E844F7 /* Release */ = {
			isa = XCBuildConfiguration;
			buildSettings = {
				BUNDLE_LOADER = "$(TEST_HOST)";
				FRAMEWORK_SEARCH_PATHS = (
					"$(SDKROOT)/Developer/Library/Frameworks",
					"$(inherited)",
				);
				INFOPLIST_FILE = onetouchTests/Info.plist;
				LD_RUNPATH_SEARCH_PATHS = "$(inherited) @executable_path/Frameworks @loader_path/Frameworks";
				PRODUCT_NAME = "$(TARGET_NAME)";
				TEST_HOST = "$(BUILT_PRODUCTS_DIR)/onetouch.app/onetouch";
			};
			name = Release;
		};
/* End XCBuildConfiguration section */

/* Begin XCConfigurationList section */
		89AFDB0C1A88C59100E844F7 /* Build configuration list for PBXProject "onetouch" */ = {
			isa = XCConfigurationList;
			buildConfigurations = (
				89AFDB351A88C59200E844F7 /* Debug */,
				89AFDB361A88C59200E844F7 /* Release */,
			);
			defaultConfigurationIsVisible = 0;
			defaultConfigurationName = Release;
		};
		89AFDB371A88C59200E844F7 /* Build configuration list for PBXNativeTarget "onetouch" */ = {
			isa = XCConfigurationList;
			buildConfigurations = (
				89AFDB381A88C59200E844F7 /* Debug */,
				89AFDB391A88C59200E844F7 /* Release */,
			);
			defaultConfigurationIsVisible = 0;
		};
		89AFDB3A1A88C59200E844F7 /* Build configuration list for PBXNativeTarget "onetouchTests" */ = {
			isa = XCConfigurationList;
			buildConfigurations = (
				89AFDB3B1A88C59200E844F7 /* Debug */,
				89AFDB3C1A88C59200E844F7 /* Release */,
			);
			defaultConfigurationIsVisible = 0;
		};
/* End XCConfigurationList section */

/* Begin XCVersionGroup section */
		89AFDB1B1A88C59100E844F7 /* onetouch.xcdatamodeld */ = {
			isa = XCVersionGroup;
			children = (
				89AFDB1C1A88C59100E844F7 /* onetouch.xcdatamodel */,
			);
			currentVersion = 89AFDB1C1A88C59100E844F7 /* onetouch.xcdatamodel */;
			path = onetouch.xcdatamodeld;
			sourceTree = "<group>";
			versionGroupType = wrapper.xcdatamodel;
		};
/* End XCVersionGroup section */
	};
	rootObject = 89AFDB091A88C59100E844F7 /* Project object */;
}
